
Microsoft Visual Studio Solution File, Format Version 12.00
# Visual Studio 15
VisualStudioVersion = 15.0.28307.572
MinimumVisualStudioVersion = 10.0.40219.1
Project("{FAE04EC0-301F-11D3-BF4B-00C04F79EFBC}") = "Data", "Data\Data.csproj", "{CDB407EA-D73B-488C-A55D-F21C5AE7EE45}"
EndProject
Project("{FAE04EC0-301F-11D3-BF4B-00C04F79EFBC}") = "Business", "Business\Business.csproj", "{9837806A-5A1B-45F3-AE5B-094BA321639F}"
EndProject
Project("{FAE04EC0-301F-11D3-BF4B-00C04F79EFBC}") = "Entity", "Entity\Entity.csproj", "{BE3FC9B7-CFE7-4D17-8762-B6887EFC7F13}"
EndProject
Project("{FAE04EC0-301F-11D3-BF4B-00C04F79EFBC}") = "Semana05", "WpfApp1\Semana05.csproj", "{BF536A49-2F8D-4B08-93EC-A2F7E3814E9B}"
EndProject
Global
	GlobalSection(SolutionConfigurationPlatforms) = preSolution
		Debug|Any CPU = Debug|Any CPU
		Release|Any CPU = Release|Any CPU
	EndGlobalSection
	GlobalSection(ProjectConfigurationPlatforms) = postSolution
		{CDB407EA-D73B-488C-A55D-F21C5AE7EE45}.Debug|Any CPU.ActiveCfg = Debug|Any CPU
		{CDB407EA-D73B-488C-A55D-F21C5AE7EE45}.Debug|Any CPU.Build.0 = Debug|Any CPU
		{CDB407EA-D73B-488C-A55D-F21C5AE7EE45}.Release|Any CPU.ActiveCfg = Release|Any CPU
		{CDB407EA-D73B-488C-A55D-F21C5AE7EE45}.Release|Any CPU.Build.0 = Release|Any CPU
		{9837806A-5A1B-45F3-AE5B-094BA321639F}.Debug|Any CPU.ActiveCfg = Debug|Any CPU
		{9837806A-5A1B-45F3-AE5B-094BA321639F}.Debug|Any CPU.Build.0 = Debug|Any CPU
		{9837806A-5A1B-45F3-AE5B-094BA321639F}.Release|Any CPU.ActiveCfg = Release|Any CPU
		{9837806A-5A1B-45F3-AE5B-094BA321639F}.Release|Any CPU.Build.0 = Release|Any CPU
		{BE3FC9B7-CFE7-4D17-8762-B6887EFC7F13}.Debug|Any CPU.ActiveCfg = Debug|Any CPU
		{BE3FC9B7-CFE7-4D17-8762-B6887EFC7F13}.Debug|Any CPU.Build.0 = Debug|Any CPU
		{BE3FC9B7-CFE7-4D17-8762-B6887EFC7F13}.Release|Any CPU.ActiveCfg = Release|Any CPU
		{BE3FC9B7-CFE7-4D17-8762-B6887EFC7F13}.Release|Any CPU.Build.0 = Release|Any CPU
		{BF536A49-2F8D-4B08-93EC-A2F7E3814E9B}.Debug|Any CPU.ActiveCfg = Debug|Any CPU
		{BF536A49-2F8D-4B08-93EC-A2F7E3814E9B}.Debug|Any CPU.Build.0 = Debug|Any CPU
		{BF536A49-2F8D-4B08-93EC-A2F7E3814E9B}.Release|Any CPU.ActiveCfg = Release|Any CPU
		{BF536A49-2F8D-4B08-93EC-A2F7E3814E9B}.Release|Any CPU.Build.0 = Release|Any CPU
	EndGlobalSection
	GlobalSection(SolutionProperties) = preSolution
		HideSolutionNode = FALSE
	EndGlobalSection
	GlobalSection(ExtensibilityGlobals) = postSolution
		SolutionGuid = {4AF55A8A-D820-4C93-89F6-9E69B28601F0}
	EndGlobalSection
EndGlobal
